// !$*UTF8*$!
{
	archiveVersion = 1;
	classes = {
	};
	objectVersion = 46;
	objects = {

/* Begin PBXBuildFile section */
		52106DEC1CDB798C00C0504F /* Halesowentown.jpg in Resources */ = {isa = PBXBuildFile; fileRef = 52106DEB1CDB798C00C0504F /* Halesowentown.jpg */; };
		5211F7251CDA33670031496D /* icon120.png in Resources */ = {isa = PBXBuildFile; fileRef = 5211F7241CDA33670031496D /* icon120.png */; };
		5211F7271CDA35CF0031496D /* AppColors.swift in Sources */ = {isa = PBXBuildFile; fileRef = 5211F7261CDA35CF0031496D /* AppColors.swift */; };
		5211F72A1CDA53D70031496D /* TwitterUserTimelineViewController.swift in Sources */ = {isa = PBXBuildFile; fileRef = 5211F7291CDA53D70031496D /* TwitterUserTimelineViewController.swift */; };
		5211F72D1CDB1EE50031496D /* OtherLinksTableViewController.swift in Sources */ = {isa = PBXBuildFile; fileRef = 5211F72C1CDB1EE50031496D /* OtherLinksTableViewController.swift */; };
		5259F9041CDA1292009C2AA8 /* MainTabBarController.swift in Sources */ = {isa = PBXBuildFile; fileRef = 5259F9031CDA1292009C2AA8 /* MainTabBarController.swift */; };
		52E3DF771CD9FA78009F18BD /* AppDelegate.swift in Sources */ = {isa = PBXBuildFile; fileRef = 52E3DF761CD9FA78009F18BD /* AppDelegate.swift */; };
		52E3DF791CD9FA78009F18BD /* WebPageViewController.swift in Sources */ = {isa = PBXBuildFile; fileRef = 52E3DF781CD9FA78009F18BD /* WebPageViewController.swift */; };
		52E3DF7E1CD9FA78009F18BD /* Assets.xcassets in Resources */ = {isa = PBXBuildFile; fileRef = 52E3DF7D1CD9FA78009F18BD /* Assets.xcassets */; };
		52E3DF811CD9FA78009F18BD /* LaunchScreen.storyboard in Resources */ = {isa = PBXBuildFile; fileRef = 52E3DF7F1CD9FA78009F18BD /* LaunchScreen.storyboard */; };
		78C59529AC571F40487D26CD /* Pods.framework in Frameworks */ = {isa = PBXBuildFile; fileRef = FA6F5775F3F24493B838AC89 /* Pods.framework */; settings = {ATTRIBUTES = (Weak, ); }; };
/* End PBXBuildFile section */

/* Begin PBXFileReference section */
		4C88545FDA6AEF1058FE88CA /* Pods.release.xcconfig */ = {isa = PBXFileReference; includeInIndex = 1; lastKnownFileType = text.xcconfig; name = Pods.release.xcconfig; path = "Pods/Target Support Files/Pods/Pods.release.xcconfig"; sourceTree = "<group>"; };
		52106DEB1CDB798C00C0504F /* Halesowentown.jpg */ = {isa = PBXFileReference; lastKnownFileType = image.jpeg; path = Halesowentown.jpg; sourceTree = "<group>"; };
		5211F7241CDA33670031496D /* icon120.png */ = {isa = PBXFileReference; lastKnownFileType = image.png; path = icon120.png; sourceTree = "<group>"; };
		5211F7261CDA35CF0031496D /* AppColors.swift */ = {isa = PBXFileReference; fileEncoding = 4; lastKnownFileType = sourcecode.swift; path = AppColors.swift; sourceTree = "<group>"; };
		5211F7291CDA53D70031496D /* TwitterUserTimelineViewController.swift */ = {isa = PBXFileReference; fileEncoding = 4; lastKnownFileType = sourcecode.swift; path = TwitterUserTimelineViewController.swift; sourceTree = "<group>"; };
		5211F72C1CDB1EE50031496D /* OtherLinksTableViewController.swift */ = {isa = PBXFileReference; fileEncoding = 4; lastKnownFileType = sourcecode.swift; path = OtherLinksTableViewController.swift; sourceTree = "<group>"; };
		5259F9031CDA1292009C2AA8 /* MainTabBarController.swift */ = {isa = PBXFileReference; fileEncoding = 4; lastKnownFileType = sourcecode.swift; path = MainTabBarController.swift; sourceTree = "<group>"; };
		52E3DF731CD9FA78009F18BD /* yeltzland.app */ = {isa = PBXFileReference; explicitFileType = wrapper.application; includeInIndex = 0; path = yeltzland.app; sourceTree = BUILT_PRODUCTS_DIR; };
		52E3DF761CD9FA78009F18BD /* AppDelegate.swift */ = {isa = PBXFileReference; lastKnownFileType = sourcecode.swift; path = AppDelegate.swift; sourceTree = "<group>"; };
		52E3DF781CD9FA78009F18BD /* WebPageViewController.swift */ = {isa = PBXFileReference; lastKnownFileType = sourcecode.swift; path = WebPageViewController.swift; sourceTree = "<group>"; };
		52E3DF7D1CD9FA78009F18BD /* Assets.xcassets */ = {isa = PBXFileReference; lastKnownFileType = folder.assetcatalog; path = Assets.xcassets; sourceTree = "<group>"; };
		52E3DF801CD9FA78009F18BD /* Base */ = {isa = PBXFileReference; lastKnownFileType = file.storyboard; name = Base; path = Base.lproj/LaunchScreen.storyboard; sourceTree = "<group>"; };
		52E3DF821CD9FA78009F18BD /* Info.plist */ = {isa = PBXFileReference; lastKnownFileType = text.plist.xml; path = Info.plist; sourceTree = "<group>"; };
		A882BB1FE682773EEEC0EF79 /* Pods.debug.xcconfig */ = {isa = PBXFileReference; includeInIndex = 1; lastKnownFileType = text.xcconfig; name = Pods.debug.xcconfig; path = "Pods/Target Support Files/Pods/Pods.debug.xcconfig"; sourceTree = "<group>"; };
		FA6F5775F3F24493B838AC89 /* Pods.framework */ = {isa = PBXFileReference; explicitFileType = wrapper.framework; includeInIndex = 0; path = Pods.framework; sourceTree = BUILT_PRODUCTS_DIR; };
/* End PBXFileReference section */

/* Begin PBXFrameworksBuildPhase section */
		52E3DF701CD9FA78009F18BD /* Frameworks */ = {
			isa = PBXFrameworksBuildPhase;
			buildActionMask = 2147483647;
			files = (
				78C59529AC571F40487D26CD /* Pods.framework in Frameworks */,
			);
			runOnlyForDeploymentPostprocessing = 0;
		};
/* End PBXFrameworksBuildPhase section */

/* Begin PBXGroup section */
		5211F7231CDA33580031496D /* images */ = {
			isa = PBXGroup;
			children = (
				5211F7241CDA33670031496D /* icon120.png */,
				52106DEB1CDB798C00C0504F /* Halesowentown.jpg */,
			);
			name = images;
			sourceTree = "<group>";
		};
		52E3DF6A1CD9FA78009F18BD = {
			isa = PBXGroup;
			children = (
				5211F7231CDA33580031496D /* images */,
				52E3DF751CD9FA78009F18BD /* yeltzland */,
				52E3DF741CD9FA78009F18BD /* Products */,
				BD3F6F48EC1DD96CA8DE80F7 /* Pods */,
				D15072796B891DCF46FC1DA6 /* Frameworks */,
			);
			sourceTree = "<group>";
		};
		52E3DF741CD9FA78009F18BD /* Products */ = {
			isa = PBXGroup;
			children = (
				52E3DF731CD9FA78009F18BD /* yeltzland.app */,
			);
			name = Products;
			sourceTree = "<group>";
		};
		52E3DF751CD9FA78009F18BD /* yeltzland */ = {
			isa = PBXGroup;
			children = (
				52E3DF761CD9FA78009F18BD /* AppDelegate.swift */,
				52E3DF781CD9FA78009F18BD /* WebPageViewController.swift */,
				52E3DF7D1CD9FA78009F18BD /* Assets.xcassets */,
				52E3DF7F1CD9FA78009F18BD /* LaunchScreen.storyboard */,
				52E3DF821CD9FA78009F18BD /* Info.plist */,
				5259F9031CDA1292009C2AA8 /* MainTabBarController.swift */,
				5211F7261CDA35CF0031496D /* AppColors.swift */,
				5211F7291CDA53D70031496D /* TwitterUserTimelineViewController.swift */,
				5211F72C1CDB1EE50031496D /* OtherLinksTableViewController.swift */,
			);
			path = yeltzland;
			sourceTree = "<group>";
		};
		BD3F6F48EC1DD96CA8DE80F7 /* Pods */ = {
			isa = PBXGroup;
			children = (
				A882BB1FE682773EEEC0EF79 /* Pods.debug.xcconfig */,
				4C88545FDA6AEF1058FE88CA /* Pods.release.xcconfig */,
			);
			name = Pods;
			sourceTree = "<group>";
		};
		D15072796B891DCF46FC1DA6 /* Frameworks */ = {
			isa = PBXGroup;
			children = (
				FA6F5775F3F24493B838AC89 /* Pods.framework */,
			);
			name = Frameworks;
			sourceTree = "<group>";
		};
/* End PBXGroup section */

/* Begin PBXNativeTarget section */
		52E3DF721CD9FA78009F18BD /* yeltzland */ = {
			isa = PBXNativeTarget;
			buildConfigurationList = 52E3DF851CD9FA79009F18BD /* Build configuration list for PBXNativeTarget "yeltzland" */;
			buildPhases = (
				DB10AC2F0DB6E9FE8E797138 /* Check Pods Manifest.lock */,
				52E3DF6F1CD9FA78009F18BD /* Sources */,
				52E3DF701CD9FA78009F18BD /* Frameworks */,
				52E3DF711CD9FA78009F18BD /* Resources */,
				54D6C29ED6D493908263684B /* Embed Pods Frameworks */,
				27EE48A7DCB98DC254CBD901 /* Copy Pods Resources */,
				5211F7281CDA51EC0031496D /* ShellScript */,
			);
			buildRules = (
			);
			dependencies = (
			);
			name = yeltzland;
			productName = yeltzland;
			productReference = 52E3DF731CD9FA78009F18BD /* yeltzland.app */;
			productType = "com.apple.product-type.application";
		};
/* End PBXNativeTarget section */

/* Begin PBXProject section */
		52E3DF6B1CD9FA78009F18BD /* Project object */ = {
			isa = PBXProject;
			attributes = {
				LastSwiftUpdateCheck = 0730;
				LastUpgradeCheck = 0730;
				ORGANIZATIONNAME = "John Pollard";
				TargetAttributes = {
					52E3DF721CD9FA78009F18BD = {
						CreatedOnToolsVersion = 7.3;
					};
				};
			};
			buildConfigurationList = 52E3DF6E1CD9FA78009F18BD /* Build configuration list for PBXProject "yeltzland" */;
			compatibilityVersion = "Xcode 3.2";
			developmentRegion = English;
			hasScannedForEncodings = 0;
			knownRegions = (
				en,
				Base,
			);
			mainGroup = 52E3DF6A1CD9FA78009F18BD;
			productRefGroup = 52E3DF741CD9FA78009F18BD /* Products */;
			projectDirPath = "";
			projectRoot = "";
			targets = (
				52E3DF721CD9FA78009F18BD /* yeltzland */,
			);
		};
/* End PBXProject section */

/* Begin PBXResourcesBuildPhase section */
		52E3DF711CD9FA78009F18BD /* Resources */ = {
			isa = PBXResourcesBuildPhase;
			buildActionMask = 2147483647;
			files = (
				52E3DF811CD9FA78009F18BD /* LaunchScreen.storyboard in Resources */,
				52E3DF7E1CD9FA78009F18BD /* Assets.xcassets in Resources */,
				52106DEC1CDB798C00C0504F /* Halesowentown.jpg in Resources */,
				5211F7251CDA33670031496D /* icon120.png in Resources */,
			);
			runOnlyForDeploymentPostprocessing = 0;
		};
/* End PBXResourcesBuildPhase section */

/* Begin PBXShellScriptBuildPhase section */
		27EE48A7DCB98DC254CBD901 /* Copy Pods Resources */ = {
			isa = PBXShellScriptBuildPhase;
			buildActionMask = 2147483647;
			files = (
			);
			inputPaths = (
			);
			name = "Copy Pods Resources";
			outputPaths = (
			);
			runOnlyForDeploymentPostprocessing = 0;
			shellPath = /bin/sh;
			shellScript = "\"${SRCROOT}/Pods/Target Support Files/Pods/Pods-resources.sh\"\n";
			showEnvVarsInLog = 0;
		};
		5211F7281CDA51EC0031496D /* ShellScript */ = {
			isa = PBXShellScriptBuildPhase;
			buildActionMask = 2147483647;
			files = (
			);
			inputPaths = (
			);
			outputPaths = (
			);
			runOnlyForDeploymentPostprocessing = 0;
			shellPath = /bin/sh;
			shellScript = "git=`sh /etc/profile; which git`\nappBuild=`$git rev-list --all |wc -l`\n/usr/libexec/PlistBuddy -c \"Set :CFBundleVersion $appBuild\" \"${TARGET_BUILD_DIR}/${INFOPLIST_PATH}\"\necho \"Updated ${TARGET_BUILD_DIR}/${INFOPLIST_PATH}\"\n\n\"${PODS_ROOT}/Fabric/run\" de20d03a9cd3af9832860083836d12964a8b11f5 0a8628bec808495065a9f124e4fd6d79b5f2e0e69b63845d0544c96c777ae566";
		};
		54D6C29ED6D493908263684B /* Embed Pods Frameworks */ = {
			isa = PBXShellScriptBuildPhase;
			buildActionMask = 2147483647;
			files = (
			);
			inputPaths = (
			);
			name = "Embed Pods Frameworks";
			outputPaths = (
			);
			runOnlyForDeploymentPostprocessing = 0;
			shellPath = /bin/sh;
			shellScript = "\"${SRCROOT}/Pods/Target Support Files/Pods/Pods-frameworks.sh\"\n";
			showEnvVarsInLog = 0;
		};
		DB10AC2F0DB6E9FE8E797138 /* Check Pods Manifest.lock */ = {
			isa = PBXShellScriptBuildPhase;
			buildActionMask = 2147483647;
			files = (
			);
			inputPaths = (
			);
			name = "Check Pods Manifest.lock";
			outputPaths = (
			);
			runOnlyForDeploymentPostprocessing = 0;
			shellPath = /bin/sh;
			shellScript = "diff \"${PODS_ROOT}/../Podfile.lock\" \"${PODS_ROOT}/Manifest.lock\" > /dev/null\nif [[ $? != 0 ]] ; then\n    cat << EOM\nerror: The sandbox is not in sync with the Podfile.lock. Run 'pod install' or update your CocoaPods installation.\nEOM\n    exit 1\nfi\n";
			showEnvVarsInLog = 0;
		};
/* End PBXShellScriptBuildPhase section */

/* Begin PBXSourcesBuildPhase section */
		52E3DF6F1CD9FA78009F18BD /* Sources */ = {
			isa = PBXSourcesBuildPhase;
			buildActionMask = 2147483647;
			files = (
				5211F72D1CDB1EE50031496D /* OtherLinksTableViewController.swift in Sources */,
				52E3DF791CD9FA78009F18BD /* WebPageViewController.swift in Sources */,
				5211F72A1CDA53D70031496D /* TwitterUserTimelineViewController.swift in Sources */,
				5211F7271CDA35CF0031496D /* AppColors.swift in Sources */,
				52E3DF771CD9FA78009F18BD /* AppDelegate.swift in Sources */,
				5259F9041CDA1292009C2AA8 /* MainTabBarController.swift in Sources */,
			);
			runOnlyForDeploymentPostprocessing = 0;
		};
/* End PBXSourcesBuildPhase section */

/* Begin PBXVariantGroup section */
		52E3DF7F1CD9FA78009F18BD /* LaunchScreen.storyboard */ = {
			isa = PBXVariantGroup;
			children = (
				52E3DF801CD9FA78009F18BD /* Base */,
			);
			name = LaunchScreen.storyboard;
			sourceTree = "<group>";
		};
/* End PBXVariantGroup section */

/* Begin XCBuildConfiguration section */
		52E3DF831CD9FA79009F18BD /* Debug */ = {
			isa = XCBuildConfiguration;
			buildSettings = {
				ALWAYS_SEARCH_USER_PATHS = NO;
				CLANG_ANALYZER_NONNULL = YES;
				CLANG_CXX_LANGUAGE_STANDARD = "gnu++0x";
				CLANG_CXX_LIBRARY = "libc++";
				CLANG_ENABLE_MODULES = YES;
				CLANG_ENABLE_OBJC_ARC = YES;
				CLANG_WARN_BOOL_CONVERSION = YES;
				CLANG_WARN_CONSTANT_CONVERSION = YES;
				CLANG_WARN_DIRECT_OBJC_ISA_USAGE = YES_ERROR;
				CLANG_WARN_EMPTY_BODY = YES;
				CLANG_WARN_ENUM_CONVERSION = YES;
				CLANG_WARN_INT_CONVERSION = YES;
				CLANG_WARN_OBJC_ROOT_CLASS = YES_ERROR;
				CLANG_WARN_UNREACHABLE_CODE = YES;
				CLANG_WARN__DUPLICATE_METHOD_MATCH = YES;
				"CODE_SIGN_IDENTITY[sdk=iphoneos*]" = "iPhone Developer";
				COPY_PHASE_STRIP = NO;
				DEBUG_INFORMATION_FORMAT = dwarf;
				ENABLE_STRICT_OBJC_MSGSEND = YES;
				ENABLE_TESTABILITY = YES;
				GCC_C_LANGUAGE_STANDARD = gnu99;
				GCC_DYNAMIC_NO_PIC = NO;
				GCC_NO_COMMON_BLOCKS = YES;
				GCC_OPTIMIZATION_LEVEL = 0;
				GCC_PREPROCESSOR_DEFINITIONS = (
					"DEBUG=1",
					"$(inherited)",
				);
				GCC_WARN_64_TO_32_BIT_CONVERSION = YES;
				GCC_WARN_ABOUT_RETURN_TYPE = YES_ERROR;
				GCC_WARN_UNDECLARED_SELECTOR = YES;
				GCC_WARN_UNINITIALIZED_AUTOS = YES_AGGRESSIVE;
				GCC_WARN_UNUSED_FUNCTION = YES;
				GCC_WARN_UNUSED_VARIABLE = YES;
				IPHONEOS_DEPLOYMENT_TARGET = 9.3;
				MTL_ENABLE_DEBUG_INFO = YES;
				ONLY_ACTIVE_ARCH = YES;
				SDKROOT = iphoneos;
				SWIFT_OPTIMIZATION_LEVEL = "-Onone";
				TARGETED_DEVICE_FAMILY = "1,2";
			};
			name = Debug;
		};
		52E3DF841CD9FA79009F18BD /* Release */ = {
			isa = XCBuildConfiguration;
			buildSettings = {
				ALWAYS_SEARCH_USER_PATHS = NO;
				CLANG_ANALYZER_NONNULL = YES;
				CLANG_CXX_LANGUAGE_STANDARD = "gnu++0x";
				CLANG_CXX_LIBRARY = "libc++";
				CLANG_ENABLE_MODULES = YES;
				CLANG_ENABLE_OBJC_ARC = YES;
				CLANG_WARN_BOOL_CONVERSION = YES;
				CLANG_WARN_CONSTANT_CONVERSION = YES;
				CLANG_WARN_DIRECT_OBJC_ISA_USAGE = YES_ERROR;
				CLANG_WARN_EMPTY_BODY = YES;
				CLANG_WARN_ENUM_CONVERSION = YES;
				CLANG_WARN_INT_CONVERSION = YES;
				CLANG_WARN_OBJC_ROOT_CLASS = YES_ERROR;
				CLANG_WARN_UNREACHABLE_CODE = YES;
				CLANG_WARN__DUPLICATE_METHOD_MATCH = YES;
				"CODE_SIGN_IDENTITY[sdk=iphoneos*]" = "iPhone Developer";
				COPY_PHASE_STRIP = NO;
				DEBUG_INFORMATION_FORMAT = "dwarf-with-dsym";
				ENABLE_NS_ASSERTIONS = NO;
				ENABLE_STRICT_OBJC_MSGSEND = YES;
				GCC_C_LANGUAGE_STANDARD = gnu99;
				GCC_NO_COMMON_BLOCKS = YES;
				GCC_WARN_64_TO_32_BIT_CONVERSION = YES;
				GCC_WARN_ABOUT_RETURN_TYPE = YES_ERROR;
				GCC_WARN_UNDECLARED_SELECTOR = YES;
				GCC_WARN_UNINITIALIZED_AUTOS = YES_AGGRESSIVE;
				GCC_WARN_UNUSED_FUNCTION = YES;
				GCC_WARN_UNUSED_VARIABLE = YES;
				IPHONEOS_DEPLOYMENT_TARGET = 9.3;
				MTL_ENABLE_DEBUG_INFO = NO;
				SDKROOT = iphoneos;
				TARGETED_DEVICE_FAMILY = "1,2";
				VALIDATE_PRODUCT = YES;
			};
			name = Release;
		};
		52E3DF861CD9FA79009F18BD /* Debug */ = {
			isa = XCBuildConfiguration;
			baseConfigurationReference = A882BB1FE682773EEEC0EF79 /* Pods.debug.xcconfig */;
			buildSettings = {
				ASSETCATALOG_COMPILER_APPICON_NAME = AppIcon;
				DEBUG_INFORMATION_FORMAT = "dwarf-with-dsym";
				INFOPLIST_FILE = yeltzland/Info.plist;
				LD_RUNPATH_SEARCH_PATHS = "$(inherited) @executable_path/Frameworks";
				PRODUCT_BUNDLE_IDENTIFIER = com.bravelocation.yeltzland;
				PRODUCT_NAME = "$(TARGET_NAME)";
			};
			name = Debug;
		};
		52E3DF871CD9FA79009F18BD /* Release */ = {
			isa = XCBuildConfiguration;
			baseConfigurationReference = 4C88545FDA6AEF1058FE88CA /* Pods.release.xcconfig */;
			buildSettings = {
				ASSETCATALOG_COMPILER_APPICON_NAME = AppIcon;
				INFOPLIST_FILE = yeltzland/Info.plist;
				LD_RUNPATH_SEARCH_PATHS = "$(inherited) @executable_path/Frameworks";
				PRODUCT_BUNDLE_IDENTIFIER = com.bravelocation.yeltzland;
				PRODUCT_NAME = "$(TARGET_NAME)";
			};
			name = Release;
		};
/* End XCBuildConfiguration section */

/* Begin XCConfigurationList section */
		52E3DF6E1CD9FA78009F18BD /* Build configuration list for PBXProject "yeltzland" */ = {
			isa = XCConfigurationList;
			buildConfigurations = (
				52E3DF831CD9FA79009F18BD /* Debug */,
				52E3DF841CD9FA79009F18BD /* Release */,
			);
			defaultConfigurationIsVisible = 0;
			defaultConfigurationName = Release;
		};
		52E3DF851CD9FA79009F18BD /* Build configuration list for PBXNativeTarget "yeltzland" */ = {
			isa = XCConfigurationList;
			buildConfigurations = (
				52E3DF861CD9FA79009F18BD /* Debug */,
				52E3DF871CD9FA79009F18BD /* Release */,
			);
			defaultConfigurationIsVisible = 0;
			defaultConfigurationName = Release;
		};
/* End XCConfigurationList section */
	};
	rootObject = 52E3DF6B1CD9FA78009F18BD /* Project object */;
}
